
Microsoft Visual Studio Solution File, Format Version 12.00
# Visual Studio Version 17
VisualStudioVersion = 17.7.34031.279
MinimumVisualStudioVersion = 10.0.40219.1
Project("{FAE04EC0-301F-11D3-BF4B-00C04F79EFBC}") = "PresenteacionCarCare", "PresenteacionCarCare\PresenteacionCarCare.csproj", "{A5864F61-7DC5-40E5-BB20-0D7E0A445A00}"
EndProject
Global
	GlobalSection(SolutionConfigurationPlatforms) = preSolution
		Debug|Any CPU = Debug|Any CPU
		Release|Any CPU = Release|Any CPU
	EndGlobalSection
	GlobalSection(ProjectConfigurationPlatforms) = postSolution
		{A5864F61-7DC5-40E5-BB20-0D7E0A445A00}.Debug|Any CPU.ActiveCfg = Debug|Any CPU
		{A5864F61-7DC5-40E5-BB20-0D7E0A445A00}.Debug|Any CPU.Build.0 = Debug|Any CPU
		{A5864F61-7DC5-40E5-BB20-0D7E0A445A00}.Release|Any CPU.ActiveCfg = Release|Any CPU
		{A5864F61-7DC5-40E5-BB20-0D7E0A445A00}.Release|Any CPU.Build.0 = Release|Any CPU
	EndGlobalSection
	GlobalSection(SolutionProperties) = preSolution
		HideSolutionNode = FALSE
	EndGlobalSection
	GlobalSection(ExtensibilityGlobals) = postSolution
		SolutionGuid = {A6A596AF-259F-4250-B03D-538DDA0193F1}
	EndGlobalSection
EndGlobal
