
Microsoft Visual Studio Solution File, Format Version 12.00
# Visual Studio Version 17
VisualStudioVersion = 17.5.33530.505
MinimumVisualStudioVersion = 10.0.40219.1
Project("{FAE04EC0-301F-11D3-BF4B-00C04F79EFBC}") = "PresentacionCarCare", "PresentacionCarCare\PresentacionCarCare.csproj", "{91568C1F-6181-479C-AB4F-3EB0C2E972B8}"
EndProject
Global
	GlobalSection(SolutionConfigurationPlatforms) = preSolution
		Debug|Any CPU = Debug|Any CPU
		Release|Any CPU = Release|Any CPU
	EndGlobalSection
	GlobalSection(ProjectConfigurationPlatforms) = postSolution
		{91568C1F-6181-479C-AB4F-3EB0C2E972B8}.Debug|Any CPU.ActiveCfg = Debug|Any CPU
		{91568C1F-6181-479C-AB4F-3EB0C2E972B8}.Debug|Any CPU.Build.0 = Debug|Any CPU
		{91568C1F-6181-479C-AB4F-3EB0C2E972B8}.Release|Any CPU.ActiveCfg = Release|Any CPU
		{91568C1F-6181-479C-AB4F-3EB0C2E972B8}.Release|Any CPU.Build.0 = Release|Any CPU
	EndGlobalSection
	GlobalSection(SolutionProperties) = preSolution
		HideSolutionNode = FALSE
	EndGlobalSection
	GlobalSection(ExtensibilityGlobals) = postSolution
		SolutionGuid = {5D176A59-192A-43FA-A9C9-092A55055614}
	EndGlobalSection
EndGlobal
